
Microsoft Visual Studio Solution File, Format Version 12.00
# Visual Studio Version 16
VisualStudioVersion = 16.0.30011.22
MinimumVisualStudioVersion = 10.0.40219.1
Project("{888888A0-9F3D-457C-B088-3A5042F75D52}") = "accelerometer_mma8451", "accelerometer_mma8451.pyproj", "{E84800E8-F500-4930-9966-E93D925160CA}"
EndProject
Global
	GlobalSection(SolutionConfigurationPlatforms) = preSolution
		Debug|Any CPU = Debug|Any CPU
		Release|Any CPU = Release|Any CPU
	EndGlobalSection
	GlobalSection(ProjectConfigurationPlatforms) = postSolution
		{E84800E8-F500-4930-9966-E93D925160CA}.Debug|Any CPU.ActiveCfg = Debug|Any CPU
		{E84800E8-F500-4930-9966-E93D925160CA}.Release|Any CPU.ActiveCfg = Release|Any CPU
	EndGlobalSection
	GlobalSection(SolutionProperties) = preSolution
		HideSolutionNode = FALSE
	EndGlobalSection
	GlobalSection(ExtensibilityGlobals) = postSolution
		SolutionGuid = {A448B56C-186E-46B4-B95F-D72DF638AAFC}
	EndGlobalSection
EndGlobal
